
Microsoft Visual Studio Solution File, Format Version 12.00
# Visual Studio Version 16
VisualStudioVersion = 16.0.33529.622
MinimumVisualStudioVersion = 10.0.40219.1
Project("{FAE04EC0-301F-11D3-BF4B-00C04F79EFBC}") = "Custom_Button", "Custom_Button.csproj", "{9DF6EFF1-703A-4833-8A8B-9EB4C3291951}"
EndProject
Global
	GlobalSection(SolutionConfigurationPlatforms) = preSolution
		Debug|Any CPU = Debug|Any CPU
		Release|Any CPU = Release|Any CPU
	EndGlobalSection
	GlobalSection(ProjectConfigurationPlatforms) = postSolution
		{9DF6EFF1-703A-4833-8A8B-9EB4C3291951}.Debug|Any CPU.ActiveCfg = Debug|Any CPU
		{9DF6EFF1-703A-4833-8A8B-9EB4C3291951}.Debug|Any CPU.Build.0 = Debug|Any CPU
		{9DF6EFF1-703A-4833-8A8B-9EB4C3291951}.Release|Any CPU.ActiveCfg = Release|Any CPU
		{9DF6EFF1-703A-4833-8A8B-9EB4C3291951}.Release|Any CPU.Build.0 = Release|Any CPU
	EndGlobalSection
	GlobalSection(SolutionProperties) = preSolution
		HideSolutionNode = FALSE
	EndGlobalSection
	GlobalSection(ExtensibilityGlobals) = postSolution
		SolutionGuid = {A8FFF894-66F5-47C4-8DB1-555B12E73F37}
	EndGlobalSection
EndGlobal
