
Microsoft Visual Studio Solution File, Format Version 12.00
# Visual Studio 15
VisualStudioVersion = 15.0.33423.255
MinimumVisualStudioVersion = 10.0.40219.1
Project("{9A19103F-16F7-4668-BE54-9A1E7A4F7556}") = "Entidades", "Entidades\Entidades.csproj", "{2008D86F-FECB-44FC-9E18-A4ADA82A1E0D}"
EndProject
Project("{9A19103F-16F7-4668-BE54-9A1E7A4F7556}") = "Negocio", "Negocio\Negocio.csproj", "{7FF0D418-83B5-4FF0-BB14-E6B3C3C5FF7B}"
EndProject
Project("{FAE04EC0-301F-11D3-BF4B-00C04F79EFBC}") = "Front", "Front\Front.csproj", "{1A3896B7-AA55-46E1-A3BB-8D4C4994740C}"
EndProject
Project("{FAE04EC0-301F-11D3-BF4B-00C04F79EFBC}") = "Services", "Services\Services.csproj", "{996300C4-EFCB-4FF8-BD92-CAD22201A8AB}"
EndProject
Global
	GlobalSection(SolutionConfigurationPlatforms) = preSolution
		Debug|Any CPU = Debug|Any CPU
		Release|Any CPU = Release|Any CPU
	EndGlobalSection
	GlobalSection(ProjectConfigurationPlatforms) = postSolution
		{2008D86F-FECB-44FC-9E18-A4ADA82A1E0D}.Debug|Any CPU.ActiveCfg = Debug|Any CPU
		{2008D86F-FECB-44FC-9E18-A4ADA82A1E0D}.Debug|Any CPU.Build.0 = Debug|Any CPU
		{2008D86F-FECB-44FC-9E18-A4ADA82A1E0D}.Release|Any CPU.ActiveCfg = Release|Any CPU
		{2008D86F-FECB-44FC-9E18-A4ADA82A1E0D}.Release|Any CPU.Build.0 = Release|Any CPU
		{7FF0D418-83B5-4FF0-BB14-E6B3C3C5FF7B}.Debug|Any CPU.ActiveCfg = Debug|Any CPU
		{7FF0D418-83B5-4FF0-BB14-E6B3C3C5FF7B}.Debug|Any CPU.Build.0 = Debug|Any CPU
		{7FF0D418-83B5-4FF0-BB14-E6B3C3C5FF7B}.Release|Any CPU.ActiveCfg = Release|Any CPU
		{7FF0D418-83B5-4FF0-BB14-E6B3C3C5FF7B}.Release|Any CPU.Build.0 = Release|Any CPU
		{1A3896B7-AA55-46E1-A3BB-8D4C4994740C}.Debug|Any CPU.ActiveCfg = Debug|Any CPU
		{1A3896B7-AA55-46E1-A3BB-8D4C4994740C}.Debug|Any CPU.Build.0 = Debug|Any CPU
		{1A3896B7-AA55-46E1-A3BB-8D4C4994740C}.Release|Any CPU.ActiveCfg = Release|Any CPU
		{1A3896B7-AA55-46E1-A3BB-8D4C4994740C}.Release|Any CPU.Build.0 = Release|Any CPU
		{996300C4-EFCB-4FF8-BD92-CAD22201A8AB}.Debug|Any CPU.ActiveCfg = Debug|Any CPU
		{996300C4-EFCB-4FF8-BD92-CAD22201A8AB}.Debug|Any CPU.Build.0 = Debug|Any CPU
		{996300C4-EFCB-4FF8-BD92-CAD22201A8AB}.Release|Any CPU.ActiveCfg = Release|Any CPU
		{996300C4-EFCB-4FF8-BD92-CAD22201A8AB}.Release|Any CPU.Build.0 = Release|Any CPU
	EndGlobalSection
	GlobalSection(SolutionProperties) = preSolution
		HideSolutionNode = FALSE
	EndGlobalSection
	GlobalSection(ExtensibilityGlobals) = postSolution
		SolutionGuid = {8853190A-A18C-4AF6-8B0D-0062FF77FC25}
	EndGlobalSection
EndGlobal
